
Microsoft Visual Studio Solution File, Format Version 12.00
# Visual Studio Version 17
VisualStudioVersion = 17.1.32210.238
MinimumVisualStudioVersion = 10.0.40219.1
Project("{FAE04EC0-301F-11D3-BF4B-00C04F79EFBC}") = "Super Bloco Notas", "Super Bloco Notas\Super Bloco Notas.csproj", "{3755E17E-D435-4EB6-92DC-0EE7F7E7E901}"
EndProject
Global
	GlobalSection(SolutionConfigurationPlatforms) = preSolution
		Debug|Any CPU = Debug|Any CPU
		Release|Any CPU = Release|Any CPU
	EndGlobalSection
	GlobalSection(ProjectConfigurationPlatforms) = postSolution
		{3755E17E-D435-4EB6-92DC-0EE7F7E7E901}.Debug|Any CPU.ActiveCfg = Debug|Any CPU
		{3755E17E-D435-4EB6-92DC-0EE7F7E7E901}.Debug|Any CPU.Build.0 = Debug|Any CPU
		{3755E17E-D435-4EB6-92DC-0EE7F7E7E901}.Release|Any CPU.ActiveCfg = Release|Any CPU
		{3755E17E-D435-4EB6-92DC-0EE7F7E7E901}.Release|Any CPU.Build.0 = Release|Any CPU
	EndGlobalSection
	GlobalSection(SolutionProperties) = preSolution
		HideSolutionNode = FALSE
	EndGlobalSection
	GlobalSection(ExtensibilityGlobals) = postSolution
		SolutionGuid = {7C7E1D46-A548-4F45-BD82-D0A147831A89}
	EndGlobalSection
EndGlobal
